PODS:
  - audio_session (0.0.1):
    - Flutter
  - audio_waveforms (0.0.1):
    - Flutter
  - Flutter (1.0.0)
  - flutter_app_badger (1.3.0):
    - Flutter
  - flutter_local_notifications (0.0.1):
    - Flutter
  - flutter_native_splash (0.0.1):
    - Flutter
  - flutter_native_timezone (0.0.1):
    - Flutter
  - fluttertoast (0.0.2):
    - Flutter
    - Toast
  - just_audio (0.0.1):
    - Flutter
  - path_provider_foundation (0.0.1):
    - Flutter
    - FlutterMacOS
  - record_darwin (1.0.0):
    - Flutter
    - FlutterMacOS
  - shared_preferences_foundation (0.0.1):
    - Flutter
    - FlutterMacOS
  - speech_to_text (0.0.1):
    - Flutter
    - Try
  - Toast (4.1.1)
  - Try (2.1.1)
  - url_launcher_ios (0.0.1):
    - Flutter

DEPENDENCIES:
  - audio_session (from `.symlinks/plugins/audio_session/ios`)
  - audio_waveforms (from `.symlinks/plugins/audio_waveforms/ios`)
  - Flutter (from `Flutter`)
  - flutter_app_badger (from `.symlinks/plugins/flutter_app_badger/ios`)
  - flutter_local_notifications (from `.symlinks/plugins/flutter_local_notifications/ios`)
  - flutter_native_splash (from `.symlinks/plugins/flutter_native_splash/ios`)
  - flutter_native_timezone (from `.symlinks/plugins/flutter_native_timezone/ios`)
  - fluttertoast (from `.symlinks/plugins/fluttertoast/ios`)
  - just_audio (from `.symlinks/plugins/just_audio/ios`)
  - path_provider_foundation (from `.symlinks/plugins/path_provider_foundation/darwin`)
  - record_darwin (from `.symlinks/plugins/record_darwin/ios`)
  - shared_preferences_foundation (from `.symlinks/plugins/shared_preferences_foundation/darwin`)
  - speech_to_text (from `.symlinks/plugins/speech_to_text/ios`)
  - url_launcher_ios (from `.symlinks/plugins/url_launcher_ios/ios`)

SPEC REPOS:
  trunk:
    - Toast
    - Try

EXTERNAL SOURCES:
  audio_session:
    :path: ".symlinks/plugins/audio_session/ios"
  audio_waveforms:
    :path: ".symlinks/plugins/audio_waveforms/ios"
  Flutter:
    :path: Flutter
  flutter_app_badger:
    :path: ".symlinks/plugins/flutter_app_badger/ios"
  flutter_local_notifications:
    :path: ".symlinks/plugins/flutter_local_notifications/ios"
  flutter_native_splash:
    :path: ".symlinks/plugins/flutter_native_splash/ios"
  flutter_native_timezone:
    :path: ".symlinks/plugins/flutter_native_timezone/ios"
  fluttertoast:
    :path: ".symlinks/plugins/fluttertoast/ios"
  just_audio:
    :path: ".symlinks/plugins/just_audio/ios"
  path_provider_foundation:
    :path: ".symlinks/plugins/path_provider_foundation/darwin"
  record_darwin:
    :path: ".symlinks/plugins/record_darwin/ios"
  shared_preferences_foundation:
    :path: ".symlinks/plugins/shared_preferences_foundation/darwin"
  speech_to_text:
    :path: ".symlinks/plugins/speech_to_text/ios"
  url_launcher_ios:
    :path: ".symlinks/plugins/url_launcher_ios/ios"

SPEC CHECKSUMS:
  audio_session: 088d2483ebd1dc43f51d253d4a1c517d9a2e7207
  audio_waveforms: cd736909ebc6b6a164eb74701d8c705ce3241e1c
  Flutter: e0871f40cf51350855a761d2e70bf5af5b9b5de7
  flutter_app_badger: b87fc231847b03b92ce1412aa351842e7e97932f
  flutter_local_notifications: 4cde75091f6327eb8517fa068a0a5950212d2086
  flutter_native_splash: edf599c81f74d093a4daf8e17bd7a018854bc778
  flutter_native_timezone: 5f05b2de06c9776b4cc70e1839f03de178394d22
  fluttertoast: e9a18c7be5413da53898f660530c56f35edfba9c
  just_audio: baa7252489dbcf47a4c7cc9ca663e9661c99aafa
  path_provider_foundation: 2b6b4c569c0fb62ec74538f866245ac84301af46
  record_darwin: 1f6619f2abac4d1ca91d3eeab038c980d76f1517
  shared_preferences_foundation: fcdcbc04712aee1108ac7fda236f363274528f78
  speech_to_text: b43a7d99aef037bd758ed8e45d79bbac035d2dfe
  Toast: 1f5ea13423a1e6674c4abdac5be53587ae481c4e
  Try: 5ef669ae832617b3cee58cb2c6f99fb767a4ff96
  url_launcher_ios: 5334b05cef931de560670eeae103fd3e431ac3fe

PODFILE CHECKSUM: 7be2f5f74864d463a8ad433546ed1de7e0f29aef

COCOAPODS: 1.15.2
